
Microsoft Visual Studio Solution File, Format Version 12.00
# Visual Studio Version 16
VisualStudioVersion = 16.0.31005.135
MinimumVisualStudioVersion = 10.0.40219.1
Project("{9A19103F-16F7-4668-BE54-9A1E7A4F7556}") = "Entities", "Entities\Entities.csproj", "{8D08F5E7-48A0-4AB9-913C-D71D39017795}"
EndProject
Project("{9A19103F-16F7-4668-BE54-9A1E7A4F7556}") = "DataAccess", "DataAccess\DataAccess.csproj", "{6D5440B0-2620-4E41-AEED-143BE4BFE853}"
EndProject
Project("{9A19103F-16F7-4668-BE54-9A1E7A4F7556}") = "Business", "Business\Business.csproj", "{E03603F0-77AD-4D29-A00F-8E9585CBB9C5}"
EndProject
Project("{9A19103F-16F7-4668-BE54-9A1E7A4F7556}") = "Core", "Core\Core.csproj", "{AB2C5FC3-C30F-424B-81AA-4C73D2EE834D}"
EndProject
Project("{9A19103F-16F7-4668-BE54-9A1E7A4F7556}") = "WebUI", "WebUI\WebUI.csproj", "{8E0B9E4E-09F5-4B16-B7EC-19250BD10EC1}"
EndProject
Global
	GlobalSection(SolutionConfigurationPlatforms) = preSolution
		Debug|Any CPU = Debug|Any CPU
		Release|Any CPU = Release|Any CPU
	EndGlobalSection
	GlobalSection(ProjectConfigurationPlatforms) = postSolution
		{8D08F5E7-48A0-4AB9-913C-D71D39017795}.Debug|Any CPU.ActiveCfg = Debug|Any CPU
		{8D08F5E7-48A0-4AB9-913C-D71D39017795}.Debug|Any CPU.Build.0 = Debug|Any CPU
		{8D08F5E7-48A0-4AB9-913C-D71D39017795}.Release|Any CPU.ActiveCfg = Release|Any CPU
		{8D08F5E7-48A0-4AB9-913C-D71D39017795}.Release|Any CPU.Build.0 = Release|Any CPU
		{6D5440B0-2620-4E41-AEED-143BE4BFE853}.Debug|Any CPU.ActiveCfg = Debug|Any CPU
		{6D5440B0-2620-4E41-AEED-143BE4BFE853}.Debug|Any CPU.Build.0 = Debug|Any CPU
		{6D5440B0-2620-4E41-AEED-143BE4BFE853}.Release|Any CPU.ActiveCfg = Release|Any CPU
		{6D5440B0-2620-4E41-AEED-143BE4BFE853}.Release|Any CPU.Build.0 = Release|Any CPU
		{E03603F0-77AD-4D29-A00F-8E9585CBB9C5}.Debug|Any CPU.ActiveCfg = Debug|Any CPU
		{E03603F0-77AD-4D29-A00F-8E9585CBB9C5}.Debug|Any CPU.Build.0 = Debug|Any CPU
		{E03603F0-77AD-4D29-A00F-8E9585CBB9C5}.Release|Any CPU.ActiveCfg = Release|Any CPU
		{E03603F0-77AD-4D29-A00F-8E9585CBB9C5}.Release|Any CPU.Build.0 = Release|Any CPU
		{AB2C5FC3-C30F-424B-81AA-4C73D2EE834D}.Debug|Any CPU.ActiveCfg = Debug|Any CPU
		{AB2C5FC3-C30F-424B-81AA-4C73D2EE834D}.Debug|Any CPU.Build.0 = Debug|Any CPU
		{AB2C5FC3-C30F-424B-81AA-4C73D2EE834D}.Release|Any CPU.ActiveCfg = Release|Any CPU
		{AB2C5FC3-C30F-424B-81AA-4C73D2EE834D}.Release|Any CPU.Build.0 = Release|Any CPU
		{8E0B9E4E-09F5-4B16-B7EC-19250BD10EC1}.Debug|Any CPU.ActiveCfg = Debug|Any CPU
		{8E0B9E4E-09F5-4B16-B7EC-19250BD10EC1}.Debug|Any CPU.Build.0 = Debug|Any CPU
		{8E0B9E4E-09F5-4B16-B7EC-19250BD10EC1}.Release|Any CPU.ActiveCfg = Release|Any CPU
		{8E0B9E4E-09F5-4B16-B7EC-19250BD10EC1}.Release|Any CPU.Build.0 = Release|Any CPU
	EndGlobalSection
	GlobalSection(SolutionProperties) = preSolution
		HideSolutionNode = FALSE
	EndGlobalSection
	GlobalSection(ExtensibilityGlobals) = postSolution
		SolutionGuid = {E3C93F8F-22BA-45D0-87EF-0FFDF22AB47D}
	EndGlobalSection
EndGlobal
